
Microsoft Visual Studio Solution File, Format Version 12.00
# Visual Studio Version 17
VisualStudioVersion = 17.14.36518.9 d17.14
MinimumVisualStudioVersion = 10.0.40219.1
Project("{8BC9CEB8-8B4A-11D0-8D11-00A0C91BC942}") = "2025_10_12_", "2025_10_12_.vcxproj", "{7014FD84-BB0D-4C72-93AE-1350F315A6B5}"
EndProject
Global
	GlobalSection(SolutionConfigurationPlatforms) = preSolution
		Debug|x64 = Debug|x64
		Debug|x86 = Debug|x86
		Release|x64 = Release|x64
		Release|x86 = Release|x86
	EndGlobalSection
	GlobalSection(ProjectConfigurationPlatforms) = postSolution
		{7014FD84-BB0D-4C72-93AE-1350F315A6B5}.Debug|x64.ActiveCfg = Debug|x64
		{7014FD84-BB0D-4C72-93AE-1350F315A6B5}.Debug|x64.Build.0 = Debug|x64
		{7014FD84-BB0D-4C72-93AE-1350F315A6B5}.Debug|x86.ActiveCfg = Debug|Win32
		{7014FD84-BB0D-4C72-93AE-1350F315A6B5}.Debug|x86.Build.0 = Debug|Win32
		{7014FD84-BB0D-4C72-93AE-1350F315A6B5}.Release|x64.ActiveCfg = Release|x64
		{7014FD84-BB0D-4C72-93AE-1350F315A6B5}.Release|x64.Build.0 = Release|x64
		{7014FD84-BB0D-4C72-93AE-1350F315A6B5}.Release|x86.ActiveCfg = Release|Win32
		{7014FD84-BB0D-4C72-93AE-1350F315A6B5}.Release|x86.Build.0 = Release|Win32
	EndGlobalSection
	GlobalSection(SolutionProperties) = preSolution
		HideSolutionNode = FALSE
	EndGlobalSection
	GlobalSection(ExtensibilityGlobals) = postSolution
		SolutionGuid = {B4CC261C-5854-42C8-A0FD-6253979E03E9}
	EndGlobalSection
EndGlobal
